// !$*UTF8*$!
{
	archiveVersion = 1;
	classes = {
	};
	objectVersion = 46;
	objects = {

/* Begin PBXBuildFile section */
		410536F21A062E3F00DF6B49 /* AppDelegate.swift in Sources */ = {isa = PBXBuildFile; fileRef = 410536F11A062E3F00DF6B49 /* AppDelegate.swift */; };
		410536F41A062E3F00DF6B49 /* ViewController.swift in Sources */ = {isa = PBXBuildFile; fileRef = 410536F31A062E3F00DF6B49 /* ViewController.swift */; };
		410536F71A062E3F00DF6B49 /* Main.storyboard in Resources */ = {isa = PBXBuildFile; fileRef = 410536F51A062E3F00DF6B49 /* Main.storyboard */; };
		410536F91A062E3F00DF6B49 /* Images.xcassets in Resources */ = {isa = PBXBuildFile; fileRef = 410536F81A062E3F00DF6B49 /* Images.xcassets */; };
		410536FC1A062E3F00DF6B49 /* LaunchScreen.xib in Resources */ = {isa = PBXBuildFile; fileRef = 410536FA1A062E3F00DF6B49 /* LaunchScreen.xib */; };
		410537081A062E3F00DF6B49 /* UIVisualEffectTests.swift in Sources */ = {isa = PBXBuildFile; fileRef = 410537071A062E3F00DF6B49 /* UIVisualEffectTests.swift */; };
/* End PBXBuildFile section */

/* Begin PBXContainerItemProxy section */
		410537021A062E3F00DF6B49 /* PBXContainerItemProxy */ = {
			isa = PBXContainerItemProxy;
			containerPortal = 410536E41A062E3D00DF6B49 /* Project object */;
			proxyType = 1;
			remoteGlobalIDString = 410536EB1A062E3D00DF6B49;
			remoteInfo = UIVisualEffect;
		};
/* End PBXContainerItemProxy section */

/* Begin PBXFileReference section */
		410536EC1A062E3E00DF6B49 /* UIVisualEffect.app */ = {isa = PBXFileReference; explicitFileType = wrapper.application; includeInIndex = 0; path = UIVisualEffect.app; sourceTree = BUILT_PRODUCTS_DIR; };
		410536F01A062E3E00DF6B49 /* Info.plist */ = {isa = PBXFileReference; lastKnownFileType = text.plist.xml; path = Info.plist; sourceTree = "<group>"; };
		410536F11A062E3F00DF6B49 /* AppDelegate.swift */ = {isa = PBXFileReference; lastKnownFileType = sourcecode.swift; path = AppDelegate.swift; sourceTree = "<group>"; };
		410536F31A062E3F00DF6B49 /* ViewController.swift */ = {isa = PBXFileReference; lastKnownFileType = sourcecode.swift; path = ViewController.swift; sourceTree = "<group>"; };
		410536F61A062E3F00DF6B49 /* Base */ = {isa = PBXFileReference; lastKnownFileType = file.storyboard; name = Base; path = Base.lproj/Main.storyboard; sourceTree = "<group>"; };
		410536F81A062E3F00DF6B49 /* Images.xcassets */ = {isa = PBXFileReference; lastKnownFileType = folder.assetcatalog; path = Images.xcassets; sourceTree = "<group>"; };
		410536FB1A062E3F00DF6B49 /* Base */ = {isa = PBXFileReference; lastKnownFileType = file.xib; name = Base; path = Base.lproj/LaunchScreen.xib; sourceTree = "<group>"; };
		410537011A062E3F00DF6B49 /* UIVisualEffectTests.xctest */ = {isa = PBXFileReference; explicitFileType = wrapper.cfbundle; includeInIndex = 0; path = UIVisualEffectTests.xctest; sourceTree = BUILT_PRODUCTS_DIR; };
		410537061A062E3F00DF6B49 /* Info.plist */ = {isa = PBXFileReference; lastKnownFileType = text.plist.xml; path = Info.plist; sourceTree = "<group>"; };
		410537071A062E3F00DF6B49 /* UIVisualEffectTests.swift */ = {isa = PBXFileReference; lastKnownFileType = sourcecode.swift; path = UIVisualEffectTests.swift; sourceTree = "<group>"; };
/* End PBXFileReference section */

/* Begin PBXFrameworksBuildPhase section */
		410536E91A062E3D00DF6B49 /* Frameworks */ = {
			isa = PBXFrameworksBuildPhase;
			buildActionMask = 2147483647;
			files = (
			);
			runOnlyForDeploymentPostprocessing = 0;
		};
		410536FE1A062E3F00DF6B49 /* Frameworks */ = {
			isa = PBXFrameworksBuildPhase;
			buildActionMask = 2147483647;
			files = (
			);
			runOnlyForDeploymentPostprocessing = 0;
		};
/* End PBXFrameworksBuildPhase section */

/* Begin PBXGroup section */
		410536E31A062E3D00DF6B49 = {
			isa = PBXGroup;
			children = (
				410536EE1A062E3E00DF6B49 /* UIVisualEffect */,
				410537041A062E3F00DF6B49 /* UIVisualEffectTests */,
				410536ED1A062E3E00DF6B49 /* Products */,
			);
			sourceTree = "<group>";
		};
		410536ED1A062E3E00DF6B49 /* Products */ = {
			isa = PBXGroup;
			children = (
				410536EC1A062E3E00DF6B49 /* UIVisualEffect.app */,
				410537011A062E3F00DF6B49 /* UIVisualEffectTests.xctest */,
			);
			name = Products;
			sourceTree = "<group>";
		};
		410536EE1A062E3E00DF6B49 /* UIVisualEffect */ = {
			isa = PBXGroup;
			children = (
				410536F11A062E3F00DF6B49 /* AppDelegate.swift */,
				410536F31A062E3F00DF6B49 /* ViewController.swift */,
				410536F51A062E3F00DF6B49 /* Main.storyboard */,
				410536F81A062E3F00DF6B49 /* Images.xcassets */,
				410536FA1A062E3F00DF6B49 /* LaunchScreen.xib */,
				410536EF1A062E3E00DF6B49 /* Supporting Files */,
			);
			path = UIVisualEffect;
			sourceTree = "<group>";
		};
		410536EF1A062E3E00DF6B49 /* Supporting Files */ = {
			isa = PBXGroup;
			children = (
				410536F01A062E3E00DF6B49 /* Info.plist */,
			);
			name = "Supporting Files";
			sourceTree = "<group>";
		};
		410537041A062E3F00DF6B49 /* UIVisualEffectTests */ = {
			isa = PBXGroup;
			children = (
				410537071A062E3F00DF6B49 /* UIVisualEffectTests.swift */,
				410537051A062E3F00DF6B49 /* Supporting Files */,
			);
			path = UIVisualEffectTests;
			sourceTree = "<group>";
		};
		410537051A062E3F00DF6B49 /* Supporting Files */ = {
			isa = PBXGroup;
			children = (
				410537061A062E3F00DF6B49 /* Info.plist */,
			);
			name = "Supporting Files";
			sourceTree = "<group>";
		};
/* End PBXGroup section */

/* Begin PBXNativeTarget section */
		410536EB1A062E3D00DF6B49 /* UIVisualEffect */ = {
			isa = PBXNativeTarget;
			buildConfigurationList = 4105370B1A062E3F00DF6B49 /* Build configuration list for PBXNativeTarget "UIVisualEffect" */;
			buildPhases = (
				410536E81A062E3D00DF6B49 /* Sources */,
				410536E91A062E3D00DF6B49 /* Frameworks */,
				410536EA1A062E3D00DF6B49 /* Resources */,
			);
			buildRules = (
			);
			dependencies = (
			);
			name = UIVisualEffect;
			productName = UIVisualEffect;
			productReference = 410536EC1A062E3E00DF6B49 /* UIVisualEffect.app */;
			productType = "com.apple.product-type.application";
		};
		410537001A062E3F00DF6B49 /* UIVisualEffectTests */ = {
			isa = PBXNativeTarget;
			buildConfigurationList = 4105370E1A062E3F00DF6B49 /* Build configuration list for PBXNativeTarget "UIVisualEffectTests" */;
			buildPhases = (
				410536FD1A062E3F00DF6B49 /* Sources */,
				410536FE1A062E3F00DF6B49 /* Frameworks */,
				410536FF1A062E3F00DF6B49 /* Resources */,
			);
			buildRules = (
			);
			dependencies = (
				410537031A062E3F00DF6B49 /* PBXTargetDependency */,
			);
			name = UIVisualEffectTests;
			productName = UIVisualEffectTests;
			productReference = 410537011A062E3F00DF6B49 /* UIVisualEffectTests.xctest */;
			productType = "com.apple.product-type.bundle.unit-test";
		};
/* End PBXNativeTarget section */

/* Begin PBXProject section */
		410536E41A062E3D00DF6B49 /* Project object */ = {
			isa = PBXProject;
			attributes = {
				LastUpgradeCheck = 0610;
				ORGANIZATIONNAME = "Jian Yao Ang";
				TargetAttributes = {
					410536EB1A062E3D00DF6B49 = {
						CreatedOnToolsVersion = 6.1;
					};
					410537001A062E3F00DF6B49 = {
						CreatedOnToolsVersion = 6.1;
						TestTargetID = 410536EB1A062E3D00DF6B49;
					};
				};
			};
			buildConfigurationList = 410536E71A062E3D00DF6B49 /* Build configuration list for PBXProject "UIVisualEffect" */;
			compatibilityVersion = "Xcode 3.2";
			developmentRegion = English;
			hasScannedForEncodings = 0;
			knownRegions = (
				en,
				Base,
			);
			mainGroup = 410536E31A062E3D00DF6B49;
			productRefGroup = 410536ED1A062E3E00DF6B49 /* Products */;
			projectDirPath = "";
			projectRoot = "";
			targets = (
				410536EB1A062E3D00DF6B49 /* UIVisualEffect */,
				410537001A062E3F00DF6B49 /* UIVisualEffectTests */,
			);
		};
/* End PBXProject section */

/* Begin PBXResourcesBuildPhase section */
		410536EA1A062E3D00DF6B49 /* Resources */ = {
			isa = PBXResourcesBuildPhase;
			buildActionMask = 2147483647;
			files = (
				410536F71A062E3F00DF6B49 /* Main.storyboard in Resources */,
				410536FC1A062E3F00DF6B49 /* LaunchScreen.xib in Resources */,
				410536F91A062E3F00DF6B49 /* Images.xcassets in Resources */,
			);
			runOnlyForDeploymentPostprocessing = 0;
		};
		410536FF1A062E3F00DF6B49 /* Resources */ = {
			isa = PBXResourcesBuildPhase;
			buildActionMask = 2147483647;
			files = (
			);
			runOnlyForDeploymentPostprocessing = 0;
		};
/* End PBXResourcesBuildPhase section */

/* Begin PBXSourcesBuildPhase section */
		410536E81A062E3D00DF6B49 /* Sources */ = {
			isa = PBXSourcesBuildPhase;
			buildActionMask = 2147483647;
			files = (
				410536F41A062E3F00DF6B49 /* ViewController.swift in Sources */,
				410536F21A062E3F00DF6B49 /* AppDelegate.swift in Sources */,
			);
			runOnlyForDeploymentPostprocessing = 0;
		};
		410536FD1A062E3F00DF6B49 /* Sources */ = {
			isa = PBXSourcesBuildPhase;
			buildActionMask = 2147483647;
			files = (
				410537081A062E3F00DF6B49 /* UIVisualEffectTests.swift in Sources */,
			);
			runOnlyForDeploymentPostprocessing = 0;
		};
/* End PBXSourcesBuildPhase section */

/* Begin PBXTargetDependency section */
		410537031A062E3F00DF6B49 /* PBXTargetDependency */ = {
			isa = PBXTargetDependency;
			target = 410536EB1A062E3D00DF6B49 /* UIVisualEffect */;
			targetProxy = 410537021A062E3F00DF6B49 /* PBXContainerItemProxy */;
		};
/* End PBXTargetDependency section */

/* Begin PBXVariantGroup section */
		410536F51A062E3F00DF6B49 /* Main.storyboard */ = {
			isa = PBXVariantGroup;
			children = (
				410536F61A062E3F00DF6B49 /* Base */,
			);
			name = Main.storyboard;
			sourceTree = "<group>";
		};
		410536FA1A062E3F00DF6B49 /* LaunchScreen.xib */ = {
			isa = PBXVariantGroup;
			children = (
				410536FB1A062E3F00DF6B49 /* Base */,
			);
			name = LaunchScreen.xib;
			sourceTree = "<group>";
		};
/* End PBXVariantGroup section */

/* Begin XCBuildConfiguration section */
		410537091A062E3F00DF6B49 /* Debug */ = {
			isa = XCBuildConfiguration;
			buildSettings = {
				ALWAYS_SEARCH_USER_PATHS = NO;
				CLANG_CXX_LANGUAGE_STANDARD = "gnu++0x";
				CLANG_CXX_LIBRARY = "libc++";
				CLANG_ENABLE_MODULES = YES;
				CLANG_ENABLE_OBJC_ARC = YES;
				CLANG_WARN_BOOL_CONVERSION = YES;
				CLANG_WARN_CONSTANT_CONVERSION = YES;
				CLANG_WARN_DIRECT_OBJC_ISA_USAGE = YES_ERROR;
				CLANG_WARN_EMPTY_BODY = YES;
				CLANG_WARN_ENUM_CONVERSION = YES;
				CLANG_WARN_INT_CONVERSION = YES;
				CLANG_WARN_OBJC_ROOT_CLASS = YES_ERROR;
				CLANG_WARN_UNREACHABLE_CODE = YES;
				CLANG_WARN__DUPLICATE_METHOD_MATCH = YES;
				"CODE_SIGN_IDENTITY[sdk=iphoneos*]" = "iPhone Developer";
				COPY_PHASE_STRIP = NO;
				ENABLE_STRICT_OBJC_MSGSEND = YES;
				GCC_C_LANGUAGE_STANDARD = gnu99;
				GCC_DYNAMIC_NO_PIC = NO;
				GCC_OPTIMIZATION_LEVEL = 0;
				GCC_PREPROCESSOR_DEFINITIONS = (
					"DEBUG=1",
					"$(inherited)",
				);
				GCC_SYMBOLS_PRIVATE_EXTERN = NO;
				GCC_WARN_64_TO_32_BIT_CONVERSION = YES;
				GCC_WARN_ABOUT_RETURN_TYPE = YES_ERROR;
				GCC_WARN_UNDECLARED_SELECTOR = YES;
				GCC_WARN_UNINITIALIZED_AUTOS = YES_AGGRESSIVE;
				GCC_WARN_UNUSED_FUNCTION = YES;
				GCC_WARN_UNUSED_VARIABLE = YES;
				IPHONEOS_DEPLOYMENT_TARGET = 8.1;
				MTL_ENABLE_DEBUG_INFO = YES;
				ONLY_ACTIVE_ARCH = YES;
				SDKROOT = iphoneos;
				SWIFT_OPTIMIZATION_LEVEL = "-Onone";
			};
			name = Debug;
		};
		4105370A1A062E3F00DF6B49 /* Release */ = {
			isa = XCBuildConfiguration;
			buildSettings = {
				ALWAYS_SEARCH_USER_PATHS = NO;
				CLANG_CXX_LANGUAGE_STANDARD = "gnu++0x";
				CLANG_CXX_LIBRARY = "libc++";
				CLANG_ENABLE_MODULES = YES;
				CLANG_ENABLE_OBJC_ARC = YES;
				CLANG_WARN_BOOL_CONVERSION = YES;
				CLANG_WARN_CONSTANT_CONVERSION = YES;
				CLANG_WARN_DIRECT_OBJC_ISA_USAGE = YES_ERROR;
				CLANG_WARN_EMPTY_BODY = YES;
				CLANG_WARN_ENUM_CONVERSION = YES;
				CLANG_WARN_INT_CONVERSION = YES;
				CLANG_WARN_OBJC_ROOT_CLASS = YES_ERROR;
				CLANG_WARN_UNREACHABLE_CODE = YES;
				CLANG_WARN__DUPLICATE_METHOD_MATCH = YES;
				"CODE_SIGN_IDENTITY[sdk=iphoneos*]" = "iPhone Developer";
				COPY_PHASE_STRIP = YES;
				ENABLE_NS_ASSERTIONS = NO;
				ENABLE_STRICT_OBJC_MSGSEND = YES;
				GCC_C_LANGUAGE_STANDARD = gnu99;
				GCC_WARN_64_TO_32_BIT_CONVERSION = YES;
				GCC_WARN_ABOUT_RETURN_TYPE = YES_ERROR;
				GCC_WARN_UNDECLARED_SELECTOR = YES;
				GCC_WARN_UNINITIALIZED_AUTOS = YES_AGGRESSIVE;
				GCC_WARN_UNUSED_FUNCTION = YES;
				GCC_WARN_UNUSED_VARIABLE = YES;
				IPHONEOS_DEPLOYMENT_TARGET = 8.1;
				MTL_ENABLE_DEBUG_INFO = NO;
				SDKROOT = iphoneos;
				VALIDATE_PRODUCT = YES;
			};
			name = Release;
		};
		4105370C1A062E3F00DF6B49 /* Debug */ = {
			isa = XCBuildConfiguration;
			buildSettings = {
				ASSETCATALOG_COMPILER_APPICON_NAME = AppIcon;
				INFOPLIST_FILE = UIVisualEffect/Info.plist;
				LD_RUNPATH_SEARCH_PATHS = "$(inherited) @executable_path/Frameworks";
				PRODUCT_NAME = "$(TARGET_NAME)";
			};
			name = Debug;
		};
		4105370D1A062E3F00DF6B49 /* Release */ = {
			isa = XCBuildConfiguration;
			buildSettings = {
				ASSETCATALOG_COMPILER_APPICON_NAME = AppIcon;
				INFOPLIST_FILE = UIVisualEffect/Info.plist;
				LD_RUNPATH_SEARCH_PATHS = "$(inherited) @executable_path/Frameworks";
				PRODUCT_NAME = "$(TARGET_NAME)";
			};
			name = Release;
		};
		4105370F1A062E3F00DF6B49 /* Debug */ = {
			isa = XCBuildConfiguration;
			buildSettings = {
				BUNDLE_LOADER = "$(TEST_HOST)";
				FRAMEWORK_SEARCH_PATHS = (
					"$(SDKROOT)/Developer/Library/Frameworks",
					"$(inherited)",
				);
				GCC_PREPROCESSOR_DEFINITIONS = (
					"DEBUG=1",
					"$(inherited)",
				);
				INFOPLIST_FILE = UIVisualEffectTests/Info.plist;
				LD_RUNPATH_SEARCH_PATHS = "$(inherited) @executable_path/Frameworks @loader_path/Frameworks";
				PRODUCT_NAME = "$(TARGET_NAME)";
				TEST_HOST = "$(BUILT_PRODUCTS_DIR)/UIVisualEffect.app/UIVisualEffect";
			};
			name = Debug;
		};
		410537101A062E3F00DF6B49 /* Release */ = {
			isa = XCBuildConfiguration;
			buildSettings = {
				BUNDLE_LOADER = "$(TEST_HOST)";
				FRAMEWORK_SEARCH_PATHS = (
					"$(SDKROOT)/Developer/Library/Frameworks",
					"$(inherited)",
				);
				INFOPLIST_FILE = UIVisualEffectTests/Info.plist;
				LD_RUNPATH_SEARCH_PATHS = "$(inherited) @executable_path/Frameworks @loader_path/Frameworks";
				PRODUCT_NAME = "$(TARGET_NAME)";
				TEST_HOST = "$(BUILT_PRODUCTS_DIR)/UIVisualEffect.app/UIVisualEffect";
			};
			name = Release;
		};
/* End XCBuildConfiguration section */

/* Begin XCConfigurationList section */
		410536E71A062E3D00DF6B49 /* Build configuration list for PBXProject "UIVisualEffect" */ = {
			isa = XCConfigurationList;
			buildConfigurations = (
				410537091A062E3F00DF6B49 /* Debug */,
				4105370A1A062E3F00DF6B49 /* Release */,
			);
			defaultConfigurationIsVisible = 0;
			defaultConfigurationName = Release;
		};
		4105370B1A062E3F00DF6B49 /* Build configuration list for PBXNativeTarget "UIVisualEffect" */ = {
			isa = XCConfigurationList;
			buildConfigurations = (
				4105370C1A062E3F00DF6B49 /* Debug */,
				4105370D1A062E3F00DF6B49 /* Release */,
			);
			defaultConfigurationIsVisible = 0;
		};
		4105370E1A062E3F00DF6B49 /* Build configuration list for PBXNativeTarget "UIVisualEffectTests" */ = {
			isa = XCConfigurationList;
			buildConfigurations = (
				4105370F1A062E3F00DF6B49 /* Debug */,
				410537101A062E3F00DF6B49 /* Release */,
			);
			defaultConfigurationIsVisible = 0;
		};
/* End XCConfigurationList section */
	};
	rootObject = 410536E41A062E3D00DF6B49 /* Project object */;
}
